// !$*UTF8*$!
{
	archiveVersion = 1;
	classes = {
	};
	objectVersion = 50;
	objects = {

/* Begin PBXBuildFile section */
		C697386926DABE1500A8B37F /* main.swift in Sources */ = {isa = PBXBuildFile; fileRef = C697386826DABE1500A8B37F /* main.swift */; };
		C697386D26DABE6500A8B37F /* myFunctions.swift in Sources */ = {isa = PBXBuildFile; fileRef = C697386C26DABE6500A8B37F /* myFunctions.swift */; };
		C697387026DABE6B00A8B37F /* ruleCharts.swift in Sources */ = {isa = PBXBuildFile; fileRef = C697386F26DABE6B00A8B37F /* ruleCharts.swift */; };
		C697387326DABE6F00A8B37F /* letterDictionaries.swift in Sources */ = {isa = PBXBuildFile; fileRef = C697387226DABE6F00A8B37F /* letterDictionaries.swift */; };
		C697387626DABE7300A8B37F /* languagesLibrary.swift in Sources */ = {isa = PBXBuildFile; fileRef = C697387526DABE7300A8B37F /* languagesLibrary.swift */; };
/* End PBXBuildFile section */

/* Begin PBXCopyFilesBuildPhase section */
		C697385B26DABDE400A8B37F /* CopyFiles */ = {
			isa = PBXCopyFilesBuildPhase;
			buildActionMask = 2147483647;
			dstPath = /usr/share/man/man1/;
			dstSubfolderSpec = 0;
			files = (
			);
			runOnlyForDeploymentPostprocessing = 1;
		};
/* End PBXCopyFilesBuildPhase section */

/* Begin PBXFileReference section */
		C697385D26DABDE400A8B37F /* TheDeltesianTranslator */ = {isa = PBXFileReference; explicitFileType = "compiled.mach-o.executable"; includeInIndex = 0; path = TheDeltesianTranslator; sourceTree = BUILT_PRODUCTS_DIR; };
		C697386826DABE1500A8B37F /* main.swift */ = {isa = PBXFileReference; fileEncoding = 4; lastKnownFileType = sourcecode.swift; name = main.swift; path = ../../../Bed/Coding/DeltesianTranslator/DeltesianTranslator/main.swift; sourceTree = "<group>"; };
		C697386C26DABE6500A8B37F /* myFunctions.swift */ = {isa = PBXFileReference; fileEncoding = 4; lastKnownFileType = sourcecode.swift; name = myFunctions.swift; path = ../../../Bed/Coding/DeltesianTranslator/DeltesianTranslator/myFunctions.swift; sourceTree = "<group>"; };
		C697386F26DABE6B00A8B37F /* ruleCharts.swift */ = {isa = PBXFileReference; fileEncoding = 4; lastKnownFileType = sourcecode.swift; name = ruleCharts.swift; path = ../../../Bed/Coding/DeltesianTranslator/DeltesianTranslator/ruleCharts.swift; sourceTree = "<group>"; };
		C697387226DABE6F00A8B37F /* letterDictionaries.swift */ = {isa = PBXFileReference; fileEncoding = 4; lastKnownFileType = sourcecode.swift; name = letterDictionaries.swift; path = ../../../Bed/Coding/DeltesianTranslator/DeltesianTranslator/letterDictionaries.swift; sourceTree = "<group>"; };
		C697387526DABE7300A8B37F /* languagesLibrary.swift */ = {isa = PBXFileReference; fileEncoding = 4; lastKnownFileType = sourcecode.swift; name = languagesLibrary.swift; path = ../../../Bed/Coding/DeltesianTranslator/DeltesianTranslator/languagesLibrary.swift; sourceTree = "<group>"; };
/* End PBXFileReference section */

/* Begin PBXFrameworksBuildPhase section */
		C697385A26DABDE400A8B37F /* Frameworks */ = {
			isa = PBXFrameworksBuildPhase;
			buildActionMask = 2147483647;
			files = (
			);
			runOnlyForDeploymentPostprocessing = 0;
		};
/* End PBXFrameworksBuildPhase section */

/* Begin PBXGroup section */
		C697385426DABDE400A8B37F = {
			isa = PBXGroup;
			children = (
				C697385F26DABDE400A8B37F /* TheDeltesianTranslator */,
				C697385E26DABDE400A8B37F /* Products */,
			);
			sourceTree = "<group>";
		};
		C697385E26DABDE400A8B37F /* Products */ = {
			isa = PBXGroup;
			children = (
				C697385D26DABDE400A8B37F /* TheDeltesianTranslator */,
			);
			name = Products;
			sourceTree = "<group>";
		};
		C697385F26DABDE400A8B37F /* TheDeltesianTranslator */ = {
			isa = PBXGroup;
			children = (
				C697386826DABE1500A8B37F /* main.swift */,
				C697386C26DABE6500A8B37F /* myFunctions.swift */,
				C697386F26DABE6B00A8B37F /* ruleCharts.swift */,
				C697387226DABE6F00A8B37F /* letterDictionaries.swift */,
				C697387526DABE7300A8B37F /* languagesLibrary.swift */,
			);
			path = TheDeltesianTranslator;
			sourceTree = "<group>";
		};
/* End PBXGroup section */

/* Begin PBXNativeTarget section */
		C697385C26DABDE400A8B37F /* TheDeltesianTranslator */ = {
			isa = PBXNativeTarget;
			buildConfigurationList = C697386426DABDE400A8B37F /* Build configuration list for PBXNativeTarget "TheDeltesianTranslator" */;
			buildPhases = (
				C697385926DABDE400A8B37F /* Sources */,
				C697385A26DABDE400A8B37F /* Frameworks */,
				C697385B26DABDE400A8B37F /* CopyFiles */,
			);
			buildRules = (
			);
			dependencies = (
			);
			name = TheDeltesianTranslator;
			productName = TheDeltesianTranslator;
			productReference = C697385D26DABDE400A8B37F /* TheDeltesianTranslator */;
			productType = "com.apple.product-type.tool";
		};
/* End PBXNativeTarget section */

/* Begin PBXProject section */
		C697385526DABDE400A8B37F /* Project object */ = {
			isa = PBXProject;
			attributes = {
				LastSwiftUpdateCheck = 1240;
				LastUpgradeCheck = 1240;
				TargetAttributes = {
					C697385C26DABDE400A8B37F = {
						CreatedOnToolsVersion = 12.4;
					};
				};
			};
			buildConfigurationList = C697385826DABDE400A8B37F /* Build configuration list for PBXProject "TheDeltesianTranslator" */;
			compatibilityVersion = "Xcode 9.3";
			developmentRegion = en;
			hasScannedForEncodings = 0;
			knownRegions = (
				en,
				Base,
			);
			mainGroup = C697385426DABDE400A8B37F;
			productRefGroup = C697385E26DABDE400A8B37F /* Products */;
			projectDirPath = "";
			projectRoot = "";
			targets = (
				C697385C26DABDE400A8B37F /* TheDeltesianTranslator */,
			);
		};
/* End PBXProject section */

/* Begin PBXSourcesBuildPhase section */
		C697385926DABDE400A8B37F /* Sources */ = {
			isa = PBXSourcesBuildPhase;
			buildActionMask = 2147483647;
			files = (
				C697387626DABE7300A8B37F /* languagesLibrary.swift in Sources */,
				C697386926DABE1500A8B37F /* main.swift in Sources */,
				C697387326DABE6F00A8B37F /* letterDictionaries.swift in Sources */,
				C697386D26DABE6500A8B37F /* myFunctions.swift in Sources */,
				C697387026DABE6B00A8B37F /* ruleCharts.swift in Sources */,
			);
			runOnlyForDeploymentPostprocessing = 0;
		};
/* End PBXSourcesBuildPhase section */

/* Begin XCBuildConfiguration section */
		C697386226DABDE400A8B37F /* Debug */ = {
			isa = XCBuildConfiguration;
			buildSettings = {
				ALWAYS_SEARCH_USER_PATHS = NO;
				CLANG_ANALYZER_NONNULL = YES;
				CLANG_ANALYZER_NUMBER_OBJECT_CONVERSION = YES_AGGRESSIVE;
				CLANG_CXX_LANGUAGE_STANDARD = "gnu++14";
				CLANG_CXX_LIBRARY = "libc++";
				CLANG_ENABLE_MODULES = YES;
				CLANG_ENABLE_OBJC_ARC = YES;
				CLANG_ENABLE_OBJC_WEAK = YES;
				CLANG_WARN_BLOCK_CAPTURE_AUTORELEASING = YES;
				CLANG_WARN_BOOL_CONVERSION = YES;
				CLANG_WARN_COMMA = YES;
				CLANG_WARN_CONSTANT_CONVERSION = YES;
				CLANG_WARN_DEPRECATED_OBJC_IMPLEMENTATIONS = YES;
				CLANG_WARN_DIRECT_OBJC_ISA_USAGE = YES_ERROR;
				CLANG_WARN_DOCUMENTATION_COMMENTS = YES;
				CLANG_WARN_EMPTY_BODY = YES;
				CLANG_WARN_ENUM_CONVERSION = YES;
				CLANG_WARN_INFINITE_RECURSION = YES;
				CLANG_WARN_INT_CONVERSION = YES;
				CLANG_WARN_NON_LITERAL_NULL_CONVERSION = YES;
				CLANG_WARN_OBJC_IMPLICIT_RETAIN_SELF = YES;
				CLANG_WARN_OBJC_LITERAL_CONVERSION = YES;
				CLANG_WARN_OBJC_ROOT_CLASS = YES_ERROR;
				CLANG_WARN_QUOTED_INCLUDE_IN_FRAMEWORK_HEADER = YES;
				CLANG_WARN_RANGE_LOOP_ANALYSIS = YES;
				CLANG_WARN_STRICT_PROTOTYPES = YES;
				CLANG_WARN_SUSPICIOUS_MOVE = YES;
				CLANG_WARN_UNGUARDED_AVAILABILITY = YES_AGGRESSIVE;
				CLANG_WARN_UNREACHABLE_CODE = YES;
				CLANG_WARN__DUPLICATE_METHOD_MATCH = YES;
				COPY_PHASE_STRIP = NO;
				DEBUG_INFORMATION_FORMAT = dwarf;
				ENABLE_STRICT_OBJC_MSGSEND = YES;
				ENABLE_TESTABILITY = YES;
				GCC_C_LANGUAGE_STANDARD = gnu11;
				GCC_DYNAMIC_NO_PIC = NO;
				GCC_NO_COMMON_BLOCKS = YES;
				GCC_OPTIMIZATION_LEVEL = 0;
				GCC_PREPROCESSOR_DEFINITIONS = (
					"DEBUG=1",
					"$(inherited)",
				);
				GCC_WARN_64_TO_32_BIT_CONVERSION = YES;
				GCC_WARN_ABOUT_RETURN_TYPE = YES_ERROR;
				GCC_WARN_UNDECLARED_SELECTOR = YES;
				GCC_WARN_UNINITIALIZED_AUTOS = YES_AGGRESSIVE;
				GCC_WARN_UNUSED_FUNCTION = YES;
				GCC_WARN_UNUSED_VARIABLE = YES;
				MACOSX_DEPLOYMENT_TARGET = 10.15;
				MTL_ENABLE_DEBUG_INFO = INCLUDE_SOURCE;
				MTL_FAST_MATH = YES;
				ONLY_ACTIVE_ARCH = YES;
				SDKROOT = macosx;
				SWIFT_ACTIVE_COMPILATION_CONDITIONS = DEBUG;
				SWIFT_OPTIMIZATION_LEVEL = "-Onone";
			};
			name = Debug;
		};
		C697386326DABDE400A8B37F /* Release */ = {
			isa = XCBuildConfiguration;
			buildSettings = {
				ALWAYS_SEARCH_USER_PATHS = NO;
				CLANG_ANALYZER_NONNULL = YES;
				CLANG_ANALYZER_NUMBER_OBJECT_CONVERSION = YES_AGGRESSIVE;
				CLANG_CXX_LANGUAGE_STANDARD = "gnu++14";
				CLANG_CXX_LIBRARY = "libc++";
				CLANG_ENABLE_MODULES = YES;
				CLANG_ENABLE_OBJC_ARC = YES;
				CLANG_ENABLE_OBJC_WEAK = YES;
				CLANG_WARN_BLOCK_CAPTURE_AUTORELEASING = YES;
				CLANG_WARN_BOOL_CONVERSION = YES;
				CLANG_WARN_COMMA = YES;
				CLANG_WARN_CONSTANT_CONVERSION = YES;
				CLANG_WARN_DEPRECATED_OBJC_IMPLEMENTATIONS = YES;
				CLANG_WARN_DIRECT_OBJC_ISA_USAGE = YES_ERROR;
				CLANG_WARN_DOCUMENTATION_COMMENTS = YES;
				CLANG_WARN_EMPTY_BODY = YES;
				CLANG_WARN_ENUM_CONVERSION = YES;
				CLANG_WARN_INFINITE_RECURSION = YES;
				CLANG_WARN_INT_CONVERSION = YES;
				CLANG_WARN_NON_LITERAL_NULL_CONVERSION = YES;
				CLANG_WARN_OBJC_IMPLICIT_RETAIN_SELF = YES;
				CLANG_WARN_OBJC_LITERAL_CONVERSION = YES;
				CLANG_WARN_OBJC_ROOT_CLASS = YES_ERROR;
				CLANG_WARN_QUOTED_INCLUDE_IN_FRAMEWORK_HEADER = YES;
				CLANG_WARN_RANGE_LOOP_ANALYSIS = YES;
				CLANG_WARN_STRICT_PROTOTYPES = YES;
				CLANG_WARN_SUSPICIOUS_MOVE = YES;
				CLANG_WARN_UNGUARDED_AVAILABILITY = YES_AGGRESSIVE;
				CLANG_WARN_UNREACHABLE_CODE = YES;
				CLANG_WARN__DUPLICATE_METHOD_MATCH = YES;
				COPY_PHASE_STRIP = NO;
				DEBUG_INFORMATION_FORMAT = "dwarf-with-dsym";
				ENABLE_NS_ASSERTIONS = NO;
				ENABLE_STRICT_OBJC_MSGSEND = YES;
				GCC_C_LANGUAGE_STANDARD = gnu11;
				GCC_NO_COMMON_BLOCKS = YES;
				GCC_WARN_64_TO_32_BIT_CONVERSION = YES;
				GCC_WARN_ABOUT_RETURN_TYPE = YES_ERROR;
				GCC_WARN_UNDECLARED_SELECTOR = YES;
				GCC_WARN_UNINITIALIZED_AUTOS = YES_AGGRESSIVE;
				GCC_WARN_UNUSED_FUNCTION = YES;
				GCC_WARN_UNUSED_VARIABLE = YES;
				MACOSX_DEPLOYMENT_TARGET = 10.15;
				MTL_ENABLE_DEBUG_INFO = NO;
				MTL_FAST_MATH = YES;
				SDKROOT = macosx;
				SWIFT_COMPILATION_MODE = wholemodule;
				SWIFT_OPTIMIZATION_LEVEL = "-O";
			};
			name = Release;
		};
		C697386526DABDE400A8B37F /* Debug */ = {
			isa = XCBuildConfiguration;
			buildSettings = {
				CODE_SIGN_STYLE = Automatic;
				PRODUCT_NAME = "$(TARGET_NAME)";
				SWIFT_VERSION = 5.0;
			};
			name = Debug;
		};
		C697386626DABDE400A8B37F /* Release */ = {
			isa = XCBuildConfiguration;
			buildSettings = {
				CODE_SIGN_STYLE = Automatic;
				PRODUCT_NAME = "$(TARGET_NAME)";
				SWIFT_VERSION = 5.0;
			};
			name = Release;
		};
/* End XCBuildConfiguration section */

/* Begin XCConfigurationList section */
		C697385826DABDE400A8B37F /* Build configuration list for PBXProject "TheDeltesianTranslator" */ = {
			isa = XCConfigurationList;
			buildConfigurations = (
				C697386226DABDE400A8B37F /* Debug */,
				C697386326DABDE400A8B37F /* Release */,
			);
			defaultConfigurationIsVisible = 0;
			defaultConfigurationName = Release;
		};
		C697386426DABDE400A8B37F /* Build configuration list for PBXNativeTarget "TheDeltesianTranslator" */ = {
			isa = XCConfigurationList;
			buildConfigurations = (
				C697386526DABDE400A8B37F /* Debug */,
				C697386626DABDE400A8B37F /* Release */,
			);
			defaultConfigurationIsVisible = 0;
			defaultConfigurationName = Release;
		};
/* End XCConfigurationList section */
	};
	rootObject = C697385526DABDE400A8B37F /* Project object */;
}
